
Microsoft Visual Studio Solution File, Format Version 12.00
# Visual Studio 15
VisualStudioVersion = 15.0.27130.2010
MinimumVisualStudioVersion = 10.0.40219.1
Project("{FAE04EC0-301F-11D3-BF4B-00C04F79EFBC}") = "EntityFrameworkWrapper", "EntityFrameworkWrapper\EntityFrameworkWrapper.csproj", "{F2D7DE6A-A003-43E5-A1E3-45555A124F05}"
EndProject
Project("{FAE04EC0-301F-11D3-BF4B-00C04F79EFBC}") = "EntityFrameworkWrapper.Test", "EntityFrameworkWrapper.Test\EntityFrameworkWrapper.Test.csproj", "{425A4ADA-7A8F-4EF7-B3DD-FEB313EB8803}"
EndProject
Project("{FAE04EC0-301F-11D3-BF4B-00C04F79EFBC}") = "ConsoleApp", "ConsoleApp\ConsoleApp.csproj", "{B067C48E-97AF-4C4A-B8EB-7A2736D6EDE4}"
EndProject
Global
	GlobalSection(SolutionConfigurationPlatforms) = preSolution
		Debug|Any CPU = Debug|Any CPU
		Release|Any CPU = Release|Any CPU
	EndGlobalSection
	GlobalSection(ProjectConfigurationPlatforms) = postSolution
		{F2D7DE6A-A003-43E5-A1E3-45555A124F05}.Debug|Any CPU.ActiveCfg = Debug|Any CPU
		{F2D7DE6A-A003-43E5-A1E3-45555A124F05}.Debug|Any CPU.Build.0 = Debug|Any CPU
		{F2D7DE6A-A003-43E5-A1E3-45555A124F05}.Release|Any CPU.ActiveCfg = Release|Any CPU
		{F2D7DE6A-A003-43E5-A1E3-45555A124F05}.Release|Any CPU.Build.0 = Release|Any CPU
		{425A4ADA-7A8F-4EF7-B3DD-FEB313EB8803}.Debug|Any CPU.ActiveCfg = Debug|Any CPU
		{425A4ADA-7A8F-4EF7-B3DD-FEB313EB8803}.Debug|Any CPU.Build.0 = Debug|Any CPU
		{425A4ADA-7A8F-4EF7-B3DD-FEB313EB8803}.Release|Any CPU.ActiveCfg = Release|Any CPU
		{425A4ADA-7A8F-4EF7-B3DD-FEB313EB8803}.Release|Any CPU.Build.0 = Release|Any CPU
		{B067C48E-97AF-4C4A-B8EB-7A2736D6EDE4}.Debug|Any CPU.ActiveCfg = Debug|Any CPU
		{B067C48E-97AF-4C4A-B8EB-7A2736D6EDE4}.Debug|Any CPU.Build.0 = Debug|Any CPU
		{B067C48E-97AF-4C4A-B8EB-7A2736D6EDE4}.Release|Any CPU.ActiveCfg = Release|Any CPU
		{B067C48E-97AF-4C4A-B8EB-7A2736D6EDE4}.Release|Any CPU.Build.0 = Release|Any CPU
	EndGlobalSection
	GlobalSection(SolutionProperties) = preSolution
		HideSolutionNode = FALSE
	EndGlobalSection
	GlobalSection(ExtensibilityGlobals) = postSolution
		SolutionGuid = {5583C167-7201-443B-A1F5-2399CB6EF0C4}
	EndGlobalSection
EndGlobal
